
Microsoft Visual Studio Solution File, Format Version 12.00
# Visual Studio Version 16
VisualStudioVersion = 16.0.29509.3
MinimumVisualStudioVersion = 10.0.40219.1
Project("{FAE04EC0-301F-11D3-BF4B-00C04F79EFBC}") = "AsposePractice", "AsposePractice\AsposePractice.csproj", "{C33FC287-8D42-4EE5-B328-184D9B4C4577}"
EndProject
Global
	GlobalSection(SolutionConfigurationPlatforms) = preSolution
		Debug|Any CPU = Debug|Any CPU
		Release|Any CPU = Release|Any CPU
	EndGlobalSection
	GlobalSection(ProjectConfigurationPlatforms) = postSolution
		{C33FC287-8D42-4EE5-B328-184D9B4C4577}.Debug|Any CPU.ActiveCfg = Debug|Any CPU
		{C33FC287-8D42-4EE5-B328-184D9B4C4577}.Debug|Any CPU.Build.0 = Debug|Any CPU
		{C33FC287-8D42-4EE5-B328-184D9B4C4577}.Release|Any CPU.ActiveCfg = Release|Any CPU
		{C33FC287-8D42-4EE5-B328-184D9B4C4577}.Release|Any CPU.Build.0 = Release|Any CPU
	EndGlobalSection
	GlobalSection(SolutionProperties) = preSolution
		HideSolutionNode = FALSE
	EndGlobalSection
	GlobalSection(ExtensibilityGlobals) = postSolution
		SolutionGuid = {BF5E5FF1-5DF6-4483-AA91-8E2322592CE6}
	EndGlobalSection
EndGlobal
